# This file is automatically @generated by Cargo.
# It is not intended for manual editing.
version = 3

[[package]]
name = "atcoder"
version = "0.1.0"
dependencies = [
 "itertools",
 "superslice",
]

[[package]]
name = "either"
version = "1.11.0"
source = "registry+https://github.com/rust-lang/crates.io-index"
checksum = "a47c1c47d2f5964e29c61246e81db715514cd532db6b5116a25ea3c03d6780a2"

[[package]]
name = "itertools"
version = "0.14.0"
source = "registry+https://github.com/rust-lang/crates.io-index"
checksum = "2b192c782037fadd9cfa75548310488aabdbf3d2da73885b31bd0abd03351285"
dependencies = [
 "either",
]

[[package]]
name = "superslice"
version = "1.0.0"
source = "registry+https://github.com/rust-lang/crates.io-index"
checksum = "ab16ced94dbd8a46c82fd81e3ed9a8727dac2977ea869d217bcc4ea1f122e81f"
